
Microsoft Visual Studio Solution File, Format Version 12.00
# Visual Studio Version 17
VisualStudioVersion = 17.3.32519.111
MinimumVisualStudioVersion = 10.0.40219.1
Project("{FAE04EC0-301F-11D3-BF4B-00C04F79EFBC}") = "Dohuykhanh", "Dohuykhanh\Dohuykhanh.csproj", "{09162CE9-6EA5-480A-9841-A4A073894DAB}"
EndProject
Global
	GlobalSection(SolutionConfigurationPlatforms) = preSolution
		Debug|Any CPU = Debug|Any CPU
		Release|Any CPU = Release|Any CPU
	EndGlobalSection
	GlobalSection(ProjectConfigurationPlatforms) = postSolution
		{09162CE9-6EA5-480A-9841-A4A073894DAB}.Debug|Any CPU.ActiveCfg = Debug|Any CPU
		{09162CE9-6EA5-480A-9841-A4A073894DAB}.Debug|Any CPU.Build.0 = Debug|Any CPU
		{09162CE9-6EA5-480A-9841-A4A073894DAB}.Release|Any CPU.ActiveCfg = Release|Any CPU
		{09162CE9-6EA5-480A-9841-A4A073894DAB}.Release|Any CPU.Build.0 = Release|Any CPU
	EndGlobalSection
	GlobalSection(SolutionProperties) = preSolution
		HideSolutionNode = FALSE
	EndGlobalSection
	GlobalSection(ExtensibilityGlobals) = postSolution
		SolutionGuid = {63571BCA-4E49-48DB-BAA9-299B2FAD2626}
	EndGlobalSection
EndGlobal
